PODS:
  - AFNetworking (1.3.4)
  - Appirater (2.0.2)
  - DCKeyValueObjectMapping (1.4)
  - GVUserDefaults (0.9.4)
  - ISO8601DateFormatter (0.7)
  - Masonry (0.5.3)
  - MiawKit (1.0)
  - MRProgress (0.4.3):
    - MRProgress/ActivityIndicator
    - MRProgress/Blur
    - MRProgress/Circular
    - MRProgress/Helper
    - MRProgress/Icons
    - MRProgress/MessageInterceptor
    - MRProgress/NavigationBarProgress
    - MRProgress/Overlay
    - MRProgress/Stopable
    - MRProgress/WeakProxy
  - MRProgress/ActivityIndicator (0.4.3):
    - MRProgress/Stopable
  - MRProgress/Blur (0.4.3):
    - MRProgress/Helper
  - MRProgress/Circular (0.4.3):
    - MRProgress/Helper
    - MRProgress/Stopable
  - MRProgress/Helper (0.4.3)
  - MRProgress/Icons (0.4.3)
  - MRProgress/MessageInterceptor (0.4.3)
  - MRProgress/NavigationBarProgress (0.4.3)
  - MRProgress/Overlay (0.4.3):
    - MRProgress/ActivityIndicator
    - MRProgress/Blur
    - MRProgress/Circular
    - MRProgress/Helper
    - MRProgress/Icons
  - MRProgress/Stopable (0.4.3):
    - MRProgress/Helper
  - MRProgress/WeakProxy (0.4.3)
  - NewRelicAgent (3.343)
  - PSAlertView (1.1)

DEPENDENCIES:
  - AFNetworking (~> 1.3.2)
  - Appirater (~> 2.0.2)
  - DCKeyValueObjectMapping
  - GVUserDefaults (~> 0.9.4)
  - ISO8601DateFormatter (~> 0.7)
  - Masonry (~> 0.5.3)
  - MiawKit (from `https://github.com/robocat/MiawKit.git`)
  - MRProgress (~> 0.4.1)
  - NewRelicAgent
  - PSAlertView (~> 1.1)

EXTERNAL SOURCES:
  MiawKit:
    :git: https://github.com/robocat/MiawKit.git

SPEC CHECKSUMS:
  AFNetworking: 80c4e0652b08eb34e25b9c0ff3c82556fe5967b4
  Appirater: a5e00fb01d47a9a6acf4b2f22323b4ccf4f23fbb
  DCKeyValueObjectMapping: c3561709f296ddffba7768a9d7ccf234307fd3c9
  GVUserDefaults: b706c0a6ed681ea4693143d920dd5bf49845c3a3
  ISO8601DateFormatter: 59731cd880cf87e71b4fa95f0d6b713dcbc4cbce
  Masonry: 35368c2ca9577ca87722c12fc52c4bad9b1c1516
  MiawKit: 952999049ff88dfc24df1e65274b728ad3d5e234
  MRProgress: e588fb8d0fba293715eaf0e485dd8402f4ce1de6
  NewRelicAgent: 95b45c10c8f53738fb8a65034e6d6ae72e90570f
  PSAlertView: e9c9bc8ef41d86012ca1f6839fd450a35c6f8a97

COCOAPODS: 0.33.1
