PODS:
  - AFNetworking (1.3.4)
  - Appirater (2.0.4)
  - DCKeyValueObjectMapping (1.4)
  - FormatterKit (1.7.1):
    - FormatterKit/AddressFormatter
    - FormatterKit/ArrayFormatter
    - FormatterKit/ColorFormatter
    - FormatterKit/LocationFormatter
    - FormatterKit/NameFormatter
    - FormatterKit/OrdinalNumberFormatter
    - FormatterKit/TimeIntervalFormatter
    - FormatterKit/UnitOfInformationFormatter
    - FormatterKit/URLRequestFormatter
  - FormatterKit/AddressFormatter (1.7.1)
  - FormatterKit/ArrayFormatter (1.7.1)
  - FormatterKit/ColorFormatter (1.7.1)
  - FormatterKit/LocationFormatter (1.7.1)
  - FormatterKit/NameFormatter (1.7.1)
  - FormatterKit/OrdinalNumberFormatter (1.7.1)
  - FormatterKit/TimeIntervalFormatter (1.7.1)
  - FormatterKit/UnitOfInformationFormatter (1.7.1)
  - FormatterKit/URLRequestFormatter (1.7.1)
  - GVUserDefaults (0.9.5)
  - ISO8601DateFormatter (0.7)
  - KeepLayout (1.6.0)
  - Masonry (0.5.3)
  - MiawKit (1.0)
  - MRProgress (0.4.3):
    - MRProgress/ActivityIndicator
    - MRProgress/Blur
    - MRProgress/Circular
    - MRProgress/Helper
    - MRProgress/Icons
    - MRProgress/MessageInterceptor
    - MRProgress/NavigationBarProgress
    - MRProgress/Overlay
    - MRProgress/Stopable
    - MRProgress/WeakProxy
  - MRProgress/ActivityIndicator (0.4.3):
    - MRProgress/Stopable
  - MRProgress/Blur (0.4.3):
    - MRProgress/Helper
  - MRProgress/Circular (0.4.3):
    - MRProgress/Helper
    - MRProgress/Stopable
  - MRProgress/Helper (0.4.3)
  - MRProgress/Icons (0.4.3)
  - MRProgress/MessageInterceptor (0.4.3)
  - MRProgress/NavigationBarProgress (0.4.3)
  - MRProgress/Overlay (0.4.3):
    - MRProgress/ActivityIndicator
    - MRProgress/Blur
    - MRProgress/Circular
    - MRProgress/Helper
    - MRProgress/Icons
  - MRProgress/Stopable (0.4.3):
    - MRProgress/Helper
  - MRProgress/WeakProxy (0.4.3)
  - NewRelicAgent (4.83)
  - PSAlertView (1.1)

DEPENDENCIES:
  - AFNetworking (~> 1.3.2)
  - Appirater (~> 2.0.2)
  - DCKeyValueObjectMapping
  - FormatterKit (~> 1.7.1)
  - GVUserDefaults (~> 0.9.4)
  - ISO8601DateFormatter (~> 0.7)
  - KeepLayout (from `https://github.com/iMartinKiss/KeepLayout.git`)
  - Masonry (~> 0.5.3)
  - MiawKit (from `https://github.com/robocat/MiawKit.git`)
  - MRProgress (~> 0.4.1)
  - NewRelicAgent
  - PSAlertView (~> 1.1)

EXTERNAL SOURCES:
  KeepLayout:
    :git: https://github.com/iMartinKiss/KeepLayout.git
  MiawKit:
    :git: https://github.com/robocat/MiawKit.git

SPEC CHECKSUMS:
  AFNetworking: 80c4e0652b08eb34e25b9c0ff3c82556fe5967b4
  Appirater: cbdb7f305562cfde585300bfff86da01ae559deb
  DCKeyValueObjectMapping: c3561709f296ddffba7768a9d7ccf234307fd3c9
  FormatterKit: 877ff970af3feb2f602ced0a9420e9fbc25f568c
  GVUserDefaults: 66c524fc1709b2d95db774f4bb665dfad4671168
  ISO8601DateFormatter: 59731cd880cf87e71b4fa95f0d6b713dcbc4cbce
  KeepLayout: f6364def4921aca9853b91d998b5737a7210fd6a
  Masonry: 35368c2ca9577ca87722c12fc52c4bad9b1c1516
  MiawKit: 952999049ff88dfc24df1e65274b728ad3d5e234
  MRProgress: e588fb8d0fba293715eaf0e485dd8402f4ce1de6
  NewRelicAgent: 1adba1fb51631f598a2a130e7b1c3be1de715736
  PSAlertView: e9c9bc8ef41d86012ca1f6839fd450a35c6f8a97

COCOAPODS: 0.34.4
