<?xml version="1.0" encoding="UTF-8"?>
<Scheme
   LastUpgradeVersion = "0600"
   version = "1.3">
   <BuildAction
      parallelizeBuildables = "YES"
      buildImplicitDependencies = "YES">
      <BuildActionEntries>
         <BuildActionEntry
            buildForTesting = "YES"
            buildForRunning = "YES"
            buildForProfiling = "YES"
            buildForArchiving = "YES"
            buildForAnalyzing = "YES">
            <BuildableReference
               BuildableIdentifier = "primary"
               BlueprintIdentifier = "7236DFF918B8A87B00F622AA"
               BuildableName = "BeMyEyes.app"
               BlueprintName = "BeMyEyes"
               ReferencedContainer = "container:BeMyEyes.xcodeproj">
            </BuildableReference>
         </BuildActionEntry>
      </BuildActionEntries>
   </BuildAction>
   <TestAction
      selectedDebuggerIdentifier = "Xcode.DebuggerFoundation.Debugger.LLDB"
      selectedLauncherIdentifier = "Xcode.DebuggerFoundation.Launcher.LLDB"
      shouldUseLaunchSchemeArgsEnv = "YES"
      buildConfiguration = "Debug &#x2013; Dev">
      <Testables>
         <TestableReference
            skipped = "NO">
            <BuildableReference
               BuildableIdentifier = "primary"
               BlueprintIdentifier = "4E7BA9981A1B5D9300F9744A"
               BuildableName = "BeMyEyes Tests.xctest"
               BlueprintName = "BeMyEyes Tests"
               ReferencedContainer = "container:BeMyEyes.xcodeproj">
            </BuildableReference>
         </TestableReference>
      </Testables>
      <MacroExpansion>
         <BuildableReference
            BuildableIdentifier = "primary"
            BlueprintIdentifier = "7236DFF918B8A87B00F622AA"
            BuildableName = "BeMyEyes.app"
            BlueprintName = "BeMyEyes"
            ReferencedContainer = "container:BeMyEyes.xcodeproj">
         </BuildableReference>
      </MacroExpansion>
   </TestAction>
   <LaunchAction
      selectedDebuggerIdentifier = "Xcode.DebuggerFoundation.Debugger.LLDB"
      selectedLauncherIdentifier = "Xcode.DebuggerFoundation.Launcher.LLDB"
      launchStyle = "0"
      useCustomWorkingDirectory = "NO"
      buildConfiguration = "Debug &#x2013; Dev"
      ignoresPersistentStateOnLaunch = "NO"
      debugDocumentVersioning = "YES"
      allowLocationSimulation = "YES">
      <BuildableProductRunnable>
         <BuildableReference
            BuildableIdentifier = "primary"
            BlueprintIdentifier = "7236DFF918B8A87B00F622AA"
            BuildableName = "BeMyEyes.app"
            BlueprintName = "BeMyEyes"
            ReferencedContainer = "container:BeMyEyes.xcodeproj">
         </BuildableReference>
      </BuildableProductRunnable>
      <AdditionalOptions>
      </AdditionalOptions>
   </LaunchAction>
   <ProfileAction
      shouldUseLaunchSchemeArgsEnv = "YES"
      savedToolIdentifier = ""
      useCustomWorkingDirectory = "NO"
      buildConfiguration = "Release &#x2013; Dev"
      debugDocumentVersioning = "YES">
      <BuildableProductRunnable>
         <BuildableReference
            BuildableIdentifier = "primary"
            BlueprintIdentifier = "7236DFF918B8A87B00F622AA"
            BuildableName = "BeMyEyes.app"
            BlueprintName = "BeMyEyes"
            ReferencedContainer = "container:BeMyEyes.xcodeproj">
         </BuildableReference>
      </BuildableProductRunnable>
   </ProfileAction>
   <AnalyzeAction
      buildConfiguration = "Debug &#x2013; Dev">
   </AnalyzeAction>
   <ArchiveAction
      buildConfiguration = "Release &#x2013; Dev"
      revealArchiveInOrganizer = "YES">
   </ArchiveAction>
</Scheme>
